
Microsoft Visual Studio Solution File, Format Version 12.00
# Visual Studio Version 17
VisualStudioVersion = 17.0.31903.59
MinimumVisualStudioVersion = 10.0.40219.1
Project("{FAE04EC0-301F-11D3-BF4B-00C04F79EFBC}") = "PaymentContext.Domain", "PaymentContext.Domain\PaymentContext.Domain.csproj", "{F6F98AD3-86D8-4D4B-A684-0F34CD588691}"
EndProject
Project("{FAE04EC0-301F-11D3-BF4B-00C04F79EFBC}") = "PaymentContext.Shared", "PaymentContext.Shared\PaymentContext.Shared.csproj", "{2884FD35-30EA-40F6-9E60-546846D315D3}"
EndProject
Project("{FAE04EC0-301F-11D3-BF4B-00C04F79EFBC}") = "PaymentContext.Tests", "PaymentContext.Tests\PaymentContext.Tests.csproj", "{33778175-B2E7-40CE-A76D-9C8928F03C8A}"
EndProject
Global
	GlobalSection(SolutionConfigurationPlatforms) = preSolution
		Debug|Any CPU = Debug|Any CPU
		Release|Any CPU = Release|Any CPU
	EndGlobalSection
	GlobalSection(SolutionProperties) = preSolution
		HideSolutionNode = FALSE
	EndGlobalSection
	GlobalSection(ProjectConfigurationPlatforms) = postSolution
		{F6F98AD3-86D8-4D4B-A684-0F34CD588691}.Debug|Any CPU.ActiveCfg = Debug|Any CPU
		{F6F98AD3-86D8-4D4B-A684-0F34CD588691}.Debug|Any CPU.Build.0 = Debug|Any CPU
		{F6F98AD3-86D8-4D4B-A684-0F34CD588691}.Release|Any CPU.ActiveCfg = Release|Any CPU
		{F6F98AD3-86D8-4D4B-A684-0F34CD588691}.Release|Any CPU.Build.0 = Release|Any CPU
		{2884FD35-30EA-40F6-9E60-546846D315D3}.Debug|Any CPU.ActiveCfg = Debug|Any CPU
		{2884FD35-30EA-40F6-9E60-546846D315D3}.Debug|Any CPU.Build.0 = Debug|Any CPU
		{2884FD35-30EA-40F6-9E60-546846D315D3}.Release|Any CPU.ActiveCfg = Release|Any CPU
		{2884FD35-30EA-40F6-9E60-546846D315D3}.Release|Any CPU.Build.0 = Release|Any CPU
		{33778175-B2E7-40CE-A76D-9C8928F03C8A}.Debug|Any CPU.ActiveCfg = Debug|Any CPU
		{33778175-B2E7-40CE-A76D-9C8928F03C8A}.Debug|Any CPU.Build.0 = Debug|Any CPU
		{33778175-B2E7-40CE-A76D-9C8928F03C8A}.Release|Any CPU.ActiveCfg = Release|Any CPU
		{33778175-B2E7-40CE-A76D-9C8928F03C8A}.Release|Any CPU.Build.0 = Release|Any CPU
	EndGlobalSection
EndGlobal
